{
  "name": "mcsocket",
  "version": "2.0.0",
  "lockfileVersion": 1,
  "requires": true,
  "dependencies": {
    "modern-rcon": {
      "version": "1.0.3",
      "resolved": "https://registry.npmjs.org/modern-rcon/-/modern-rcon-1.0.3.tgz",
      "integrity": "sha1-vwG6WdO1F8Igb6PLnvTg+AV1i1I="
    },
    "ws": {
      "version": "7.5.10",
      "resolved": "https://registry.npmjs.org/ws/-/ws-7.5.10.tgz",
      "integrity": "sha512-+dbF1tHwZpXcbOJdVOkzLDxZP1ailvSxM6ZweXTegylPny803bFhA+vqBYw4s31NSAk4S2Qz+AKXK9a4wkdjcQ=="
    }
  }
}
